
Microsoft Visual Studio Solution File, Format Version 12.00
# Visual Studio Version 17
VisualStudioVersion = 17.1.32328.378
MinimumVisualStudioVersion = 10.0.40219.1
Project("{9A19103F-16F7-4668-BE54-9A1E7A4F7556}") = "Training", "WebApplication11\Training.csproj", "{64288BD1-8A3C-4884-A509-5E42F21ADE12}"
EndProject
Project("{9A19103F-16F7-4668-BE54-9A1E7A4F7556}") = "html helpper", "html helpper\html helpper.csproj", "{254FD792-C7CB-427F-9144-58C8478C3885}"
EndProject
Global
	GlobalSection(SolutionConfigurationPlatforms) = preSolution
		Debug|Any CPU = Debug|Any CPU
		Release|Any CPU = Release|Any CPU
	EndGlobalSection
	GlobalSection(ProjectConfigurationPlatforms) = postSolution
		{64288BD1-8A3C-4884-A509-5E42F21ADE12}.Debug|Any CPU.ActiveCfg = Debug|Any CPU
		{64288BD1-8A3C-4884-A509-5E42F21ADE12}.Debug|Any CPU.Build.0 = Debug|Any CPU
		{64288BD1-8A3C-4884-A509-5E42F21ADE12}.Release|Any CPU.ActiveCfg = Release|Any CPU
		{64288BD1-8A3C-4884-A509-5E42F21ADE12}.Release|Any CPU.Build.0 = Release|Any CPU
		{254FD792-C7CB-427F-9144-58C8478C3885}.Debug|Any CPU.ActiveCfg = Debug|Any CPU
		{254FD792-C7CB-427F-9144-58C8478C3885}.Debug|Any CPU.Build.0 = Debug|Any CPU
		{254FD792-C7CB-427F-9144-58C8478C3885}.Release|Any CPU.ActiveCfg = Release|Any CPU
		{254FD792-C7CB-427F-9144-58C8478C3885}.Release|Any CPU.Build.0 = Release|Any CPU
	EndGlobalSection
	GlobalSection(SolutionProperties) = preSolution
		HideSolutionNode = FALSE
	EndGlobalSection
	GlobalSection(ExtensibilityGlobals) = postSolution
		SolutionGuid = {9E7C706C-26C2-4B4E-AAAC-63FF27B6F4EE}
	EndGlobalSection
EndGlobal
