
Microsoft Visual Studio Solution File, Format Version 12.00
# Visual Studio Version 17
VisualStudioVersion = 17.1.32328.378
MinimumVisualStudioVersion = 10.0.40219.1
Project("{9A19103F-16F7-4668-BE54-9A1E7A4F7556}") = "Training", "WebApplication11\Training.csproj", "{64288BD1-8A3C-4884-A509-5E42F21ADE12}"
EndProject
Project("{9A19103F-16F7-4668-BE54-9A1E7A4F7556}") = "html helpper", "html helpper\html helpper.csproj", "{254FD792-C7CB-427F-9144-58C8478C3885}"
EndProject
Project("{00D1A9C2-B5F0-4AF3-8072-F6C62B433612}") = "Arroyo_DB", "Arroyo_DB\Arroyo_DB.sqlproj", "{21A25D87-0310-45A2-8C8E-7014943F5301}"
EndProject
Project("{FAE04EC0-301F-11D3-BF4B-00C04F79EFBC}") = "DataAccess", "DataAccess\DataAccess.csproj", "{E5696857-0E87-4F51-82C1-AC74F9A75448}"
EndProject
Project("{FAE04EC0-301F-11D3-BF4B-00C04F79EFBC}") = "Business", "Business\Business.csproj", "{3D3A5A04-7253-4BCB-9207-2B7244E2446F}"
EndProject
Global
	GlobalSection(SolutionConfigurationPlatforms) = preSolution
		Debug|Any CPU = Debug|Any CPU
		Release|Any CPU = Release|Any CPU
	EndGlobalSection
	GlobalSection(ProjectConfigurationPlatforms) = postSolution
		{64288BD1-8A3C-4884-A509-5E42F21ADE12}.Debug|Any CPU.ActiveCfg = Debug|Any CPU
		{64288BD1-8A3C-4884-A509-5E42F21ADE12}.Debug|Any CPU.Build.0 = Debug|Any CPU
		{64288BD1-8A3C-4884-A509-5E42F21ADE12}.Release|Any CPU.ActiveCfg = Release|Any CPU
		{64288BD1-8A3C-4884-A509-5E42F21ADE12}.Release|Any CPU.Build.0 = Release|Any CPU
		{254FD792-C7CB-427F-9144-58C8478C3885}.Debug|Any CPU.ActiveCfg = Debug|Any CPU
		{254FD792-C7CB-427F-9144-58C8478C3885}.Debug|Any CPU.Build.0 = Debug|Any CPU
		{254FD792-C7CB-427F-9144-58C8478C3885}.Release|Any CPU.ActiveCfg = Release|Any CPU
		{254FD792-C7CB-427F-9144-58C8478C3885}.Release|Any CPU.Build.0 = Release|Any CPU
		{21A25D87-0310-45A2-8C8E-7014943F5301}.Debug|Any CPU.ActiveCfg = Debug|Any CPU
		{21A25D87-0310-45A2-8C8E-7014943F5301}.Debug|Any CPU.Build.0 = Debug|Any CPU
		{21A25D87-0310-45A2-8C8E-7014943F5301}.Debug|Any CPU.Deploy.0 = Debug|Any CPU
		{21A25D87-0310-45A2-8C8E-7014943F5301}.Release|Any CPU.ActiveCfg = Release|Any CPU
		{21A25D87-0310-45A2-8C8E-7014943F5301}.Release|Any CPU.Build.0 = Release|Any CPU
		{21A25D87-0310-45A2-8C8E-7014943F5301}.Release|Any CPU.Deploy.0 = Release|Any CPU
		{E5696857-0E87-4F51-82C1-AC74F9A75448}.Debug|Any CPU.ActiveCfg = Debug|Any CPU
		{E5696857-0E87-4F51-82C1-AC74F9A75448}.Debug|Any CPU.Build.0 = Debug|Any CPU
		{E5696857-0E87-4F51-82C1-AC74F9A75448}.Release|Any CPU.ActiveCfg = Release|Any CPU
		{E5696857-0E87-4F51-82C1-AC74F9A75448}.Release|Any CPU.Build.0 = Release|Any CPU
		{3D3A5A04-7253-4BCB-9207-2B7244E2446F}.Debug|Any CPU.ActiveCfg = Debug|Any CPU
		{3D3A5A04-7253-4BCB-9207-2B7244E2446F}.Debug|Any CPU.Build.0 = Debug|Any CPU
		{3D3A5A04-7253-4BCB-9207-2B7244E2446F}.Release|Any CPU.ActiveCfg = Release|Any CPU
		{3D3A5A04-7253-4BCB-9207-2B7244E2446F}.Release|Any CPU.Build.0 = Release|Any CPU
	EndGlobalSection
	GlobalSection(SolutionProperties) = preSolution
		HideSolutionNode = FALSE
	EndGlobalSection
	GlobalSection(ExtensibilityGlobals) = postSolution
		SolutionGuid = {9E7C706C-26C2-4B4E-AAAC-63FF27B6F4EE}
	EndGlobalSection
EndGlobal
